
Microsoft Visual Studio Solution File, Format Version 12.00
# Visual Studio Version 16
VisualStudioVersion = 16.0.31005.135
MinimumVisualStudioVersion = 10.0.40219.1
Project("{8BC9CEB8-8B4A-11D0-8D11-00A0C91BC942}") = "Multiples235", "Multiples235\Multiples235.vcxproj", "{6E3DD8D3-C985-4139-BB17-F570F4BC99EB}"
EndProject
Global
	GlobalSection(SolutionConfigurationPlatforms) = preSolution
		Debug|x64 = Debug|x64
		Debug|x86 = Debug|x86
		Release|x64 = Release|x64
		Release|x86 = Release|x86
	EndGlobalSection
	GlobalSection(ProjectConfigurationPlatforms) = postSolution
		{6E3DD8D3-C985-4139-BB17-F570F4BC99EB}.Debug|x64.ActiveCfg = Debug|x64
		{6E3DD8D3-C985-4139-BB17-F570F4BC99EB}.Debug|x64.Build.0 = Debug|x64
		{6E3DD8D3-C985-4139-BB17-F570F4BC99EB}.Debug|x86.ActiveCfg = Debug|Win32
		{6E3DD8D3-C985-4139-BB17-F570F4BC99EB}.Debug|x86.Build.0 = Debug|Win32
		{6E3DD8D3-C985-4139-BB17-F570F4BC99EB}.Release|x64.ActiveCfg = Release|x64
		{6E3DD8D3-C985-4139-BB17-F570F4BC99EB}.Release|x64.Build.0 = Release|x64
		{6E3DD8D3-C985-4139-BB17-F570F4BC99EB}.Release|x86.ActiveCfg = Release|Win32
		{6E3DD8D3-C985-4139-BB17-F570F4BC99EB}.Release|x86.Build.0 = Release|Win32
	EndGlobalSection
	GlobalSection(SolutionProperties) = preSolution
		HideSolutionNode = FALSE
	EndGlobalSection
	GlobalSection(ExtensibilityGlobals) = postSolution
		SolutionGuid = {B1A007A0-BF2C-4306-A8CC-E6CFAA7D242E}
	EndGlobalSection
EndGlobal
